
Microsoft Visual Studio Solution File, Format Version 12.00
# Visual Studio 15
Project("{FAE04EC0-301F-11D3-BF4B-00C04F79EFBC}") = "Assembly-CSharp", "Assembly-CSharp.csproj", "{F70EB63E-D0D5-90A4-04FD-0DE9BB487E99}"
EndProject
Project("{FAE04EC0-301F-11D3-BF4B-00C04F79EFBC}") = "Assembly-CSharp-Editor", "Assembly-CSharp-Editor.csproj", "{DE1E7193-CBDA-15E7-0779-8D749F16C51C}"
EndProject
Global
	GlobalSection(SolutionConfigurationPlatforms) = preSolution
		Debug|Any CPU = Debug|Any CPU
		Release|Any CPU = Release|Any CPU
	EndGlobalSection
	GlobalSection(ProjectConfigurationPlatforms) = postSolution
		{F70EB63E-D0D5-90A4-04FD-0DE9BB487E99}.Debug|Any CPU.ActiveCfg = Debug|Any CPU
		{F70EB63E-D0D5-90A4-04FD-0DE9BB487E99}.Debug|Any CPU.Build.0 = Debug|Any CPU
		{F70EB63E-D0D5-90A4-04FD-0DE9BB487E99}.Release|Any CPU.ActiveCfg = Release|Any CPU
		{F70EB63E-D0D5-90A4-04FD-0DE9BB487E99}.Release|Any CPU.Build.0 = Release|Any CPU
		{DE1E7193-CBDA-15E7-0779-8D749F16C51C}.Debug|Any CPU.ActiveCfg = Debug|Any CPU
		{DE1E7193-CBDA-15E7-0779-8D749F16C51C}.Debug|Any CPU.Build.0 = Debug|Any CPU
		{DE1E7193-CBDA-15E7-0779-8D749F16C51C}.Release|Any CPU.ActiveCfg = Release|Any CPU
		{DE1E7193-CBDA-15E7-0779-8D749F16C51C}.Release|Any CPU.Build.0 = Release|Any CPU
	EndGlobalSection
	GlobalSection(SolutionProperties) = preSolution
		HideSolutionNode = FALSE
	EndGlobalSection
EndGlobal
